// !$*UTF8*$!
{
	archiveVersion = 1;
	classes = {
	};
	objectVersion = 56;
	objects = {

/* Begin PBXBuildFile section */
		5145C7045A1C60C6CD6E423A /* Pods_fdciExam.framework in Frameworks */ = {isa = PBXBuildFile; fileRef = AA656F802AD618C209C8FDE1 /* Pods_fdciExam.framework */; };
		6FC896D12A55571B00E0125B /* AppDelegate.swift in Sources */ = {isa = PBXBuildFile; fileRef = 6FC896D02A55571B00E0125B /* AppDelegate.swift */; };
		6FC896D32A55571B00E0125B /* SceneDelegate.swift in Sources */ = {isa = PBXBuildFile; fileRef = 6FC896D22A55571B00E0125B /* SceneDelegate.swift */; };
		6FC896D52A55571B00E0125B /* ViewController.swift in Sources */ = {isa = PBXBuildFile; fileRef = 6FC896D42A55571B00E0125B /* ViewController.swift */; };
		6FC896D82A55571B00E0125B /* Main.storyboard in Resources */ = {isa = PBXBuildFile; fileRef = 6FC896D62A55571B00E0125B /* Main.storyboard */; };
		6FC896DA2A55571B00E0125B /* Assets.xcassets in Resources */ = {isa = PBXBuildFile; fileRef = 6FC896D92A55571B00E0125B /* Assets.xcassets */; };
		6FC896DD2A55571B00E0125B /* LaunchScreen.storyboard in Resources */ = {isa = PBXBuildFile; fileRef = 6FC896DB2A55571B00E0125B /* LaunchScreen.storyboard */; };
		6FC896E82A55571B00E0125B /* fdciExamTests.swift in Sources */ = {isa = PBXBuildFile; fileRef = 6FC896E72A55571B00E0125B /* fdciExamTests.swift */; };
		6FC896F22A55571B00E0125B /* fdciExamUITests.swift in Sources */ = {isa = PBXBuildFile; fileRef = 6FC896F12A55571B00E0125B /* fdciExamUITests.swift */; };
		6FC896F42A55571B00E0125B /* fdciExamUITestsLaunchTests.swift in Sources */ = {isa = PBXBuildFile; fileRef = 6FC896F32A55571B00E0125B /* fdciExamUITestsLaunchTests.swift */; };
		6FC897012A55572A00E0125B /* Constant.swift in Sources */ = {isa = PBXBuildFile; fileRef = 6FC897002A55572A00E0125B /* Constant.swift */; };
		6FC897032A55588D00E0125B /* RequestManager.swift in Sources */ = {isa = PBXBuildFile; fileRef = 6FC897022A55588D00E0125B /* RequestManager.swift */; };
		6FC897052A555D9500E0125B /* Data.swift in Sources */ = {isa = PBXBuildFile; fileRef = 6FC897042A555D9500E0125B /* Data.swift */; };
		BA26C3B2C580C9650BB7529D /* Pods_fdciExamTests.framework in Frameworks */ = {isa = PBXBuildFile; fileRef = 15F1AEF86791FD06C444B56F /* Pods_fdciExamTests.framework */; };
		F2B4F8A5FE423FB72C2BC615 /* Pods_fdciExam_fdciExamUITests.framework in Frameworks */ = {isa = PBXBuildFile; fileRef = 8E0EA445647DA9C08F0ADDF2 /* Pods_fdciExam_fdciExamUITests.framework */; };
/* End PBXBuildFile section */

/* Begin PBXContainerItemProxy section */
		6FC896E42A55571B00E0125B /* PBXContainerItemProxy */ = {
			isa = PBXContainerItemProxy;
			containerPortal = 6FC896C52A55571B00E0125B /* Project object */;
			proxyType = 1;
			remoteGlobalIDString = 6FC896CC2A55571B00E0125B;
			remoteInfo = fdciExam;
		};
		6FC896EE2A55571B00E0125B /* PBXContainerItemProxy */ = {
			isa = PBXContainerItemProxy;
			containerPortal = 6FC896C52A55571B00E0125B /* Project object */;
			proxyType = 1;
			remoteGlobalIDString = 6FC896CC2A55571B00E0125B;
			remoteInfo = fdciExam;
		};
/* End PBXContainerItemProxy section */

/* Begin PBXFileReference section */
		15F1AEF86791FD06C444B56F /* Pods_fdciExamTests.framework */ = {isa = PBXFileReference; explicitFileType = wrapper.framework; includeInIndex = 0; path = Pods_fdciExamTests.framework; sourceTree = BUILT_PRODUCTS_DIR; };
		1995DF95AE044E6EFF550B59 /* Pods-fdciExamTests.release.xcconfig */ = {isa = PBXFileReference; includeInIndex = 1; lastKnownFileType = text.xcconfig; name = "Pods-fdciExamTests.release.xcconfig"; path = "Target Support Files/Pods-fdciExamTests/Pods-fdciExamTests.release.xcconfig"; sourceTree = "<group>"; };
		6FC896CD2A55571B00E0125B /* fdciExam.app */ = {isa = PBXFileReference; explicitFileType = wrapper.application; includeInIndex = 0; path = fdciExam.app; sourceTree = BUILT_PRODUCTS_DIR; };
		6FC896D02A55571B00E0125B /* AppDelegate.swift */ = {isa = PBXFileReference; lastKnownFileType = sourcecode.swift; path = AppDelegate.swift; sourceTree = "<group>"; };
		6FC896D22A55571B00E0125B /* SceneDelegate.swift */ = {isa = PBXFileReference; lastKnownFileType = sourcecode.swift; path = SceneDelegate.swift; sourceTree = "<group>"; };
		6FC896D42A55571B00E0125B /* ViewController.swift */ = {isa = PBXFileReference; lastKnownFileType = sourcecode.swift; path = ViewController.swift; sourceTree = "<group>"; };
		6FC896D72A55571B00E0125B /* Base */ = {isa = PBXFileReference; lastKnownFileType = file.storyboard; name = Base; path = Base.lproj/Main.storyboard; sourceTree = "<group>"; };
		6FC896D92A55571B00E0125B /* Assets.xcassets */ = {isa = PBXFileReference; lastKnownFileType = folder.assetcatalog; path = Assets.xcassets; sourceTree = "<group>"; };
		6FC896DC2A55571B00E0125B /* Base */ = {isa = PBXFileReference; lastKnownFileType = file.storyboard; name = Base; path = Base.lproj/LaunchScreen.storyboard; sourceTree = "<group>"; };
		6FC896DE2A55571B00E0125B /* Info.plist */ = {isa = PBXFileReference; lastKnownFileType = text.plist.xml; path = Info.plist; sourceTree = "<group>"; };
		6FC896E32A55571B00E0125B /* fdciExamTests.xctest */ = {isa = PBXFileReference; explicitFileType = wrapper.cfbundle; includeInIndex = 0; path = fdciExamTests.xctest; sourceTree = BUILT_PRODUCTS_DIR; };
		6FC896E72A55571B00E0125B /* fdciExamTests.swift */ = {isa = PBXFileReference; lastKnownFileType = sourcecode.swift; path = fdciExamTests.swift; sourceTree = "<group>"; };
		6FC896ED2A55571B00E0125B /* fdciExamUITests.xctest */ = {isa = PBXFileReference; explicitFileType = wrapper.cfbundle; includeInIndex = 0; path = fdciExamUITests.xctest; sourceTree = BUILT_PRODUCTS_DIR; };
		6FC896F12A55571B00E0125B /* fdciExamUITests.swift */ = {isa = PBXFileReference; lastKnownFileType = sourcecode.swift; path = fdciExamUITests.swift; sourceTree = "<group>"; };
		6FC896F32A55571B00E0125B /* fdciExamUITestsLaunchTests.swift */ = {isa = PBXFileReference; lastKnownFileType = sourcecode.swift; path = fdciExamUITestsLaunchTests.swift; sourceTree = "<group>"; };
		6FC897002A55572A00E0125B /* Constant.swift */ = {isa = PBXFileReference; lastKnownFileType = sourcecode.swift; path = Constant.swift; sourceTree = "<group>"; };
		6FC897022A55588D00E0125B /* RequestManager.swift */ = {isa = PBXFileReference; lastKnownFileType = sourcecode.swift; path = RequestManager.swift; sourceTree = "<group>"; };
		6FC897042A555D9500E0125B /* Data.swift */ = {isa = PBXFileReference; lastKnownFileType = sourcecode.swift; path = Data.swift; sourceTree = "<group>"; };
		8E0EA445647DA9C08F0ADDF2 /* Pods_fdciExam_fdciExamUITests.framework */ = {isa = PBXFileReference; explicitFileType = wrapper.framework; includeInIndex = 0; path = Pods_fdciExam_fdciExamUITests.framework; sourceTree = BUILT_PRODUCTS_DIR; };
		AA656F802AD618C209C8FDE1 /* Pods_fdciExam.framework */ = {isa = PBXFileReference; explicitFileType = wrapper.framework; includeInIndex = 0; path = Pods_fdciExam.framework; sourceTree = BUILT_PRODUCTS_DIR; };
		AD7225E7ACA992CB93447D5B /* Pods-fdciExam.debug.xcconfig */ = {isa = PBXFileReference; includeInIndex = 1; lastKnownFileType = text.xcconfig; name = "Pods-fdciExam.debug.xcconfig"; path = "Target Support Files/Pods-fdciExam/Pods-fdciExam.debug.xcconfig"; sourceTree = "<group>"; };
		B107307B75A4E878AD72FD52 /* Pods-fdciExam.release.xcconfig */ = {isa = PBXFileReference; includeInIndex = 1; lastKnownFileType = text.xcconfig; name = "Pods-fdciExam.release.xcconfig"; path = "Target Support Files/Pods-fdciExam/Pods-fdciExam.release.xcconfig"; sourceTree = "<group>"; };
		D8D5B5E60FEFD25B3D6FB6AE /* Pods-fdciExam-fdciExamUITests.debug.xcconfig */ = {isa = PBXFileReference; includeInIndex = 1; lastKnownFileType = text.xcconfig; name = "Pods-fdciExam-fdciExamUITests.debug.xcconfig"; path = "Target Support Files/Pods-fdciExam-fdciExamUITests/Pods-fdciExam-fdciExamUITests.debug.xcconfig"; sourceTree = "<group>"; };
		E4BD2FCA80F28379BC133F30 /* Pods-fdciExamTests.debug.xcconfig */ = {isa = PBXFileReference; includeInIndex = 1; lastKnownFileType = text.xcconfig; name = "Pods-fdciExamTests.debug.xcconfig"; path = "Target Support Files/Pods-fdciExamTests/Pods-fdciExamTests.debug.xcconfig"; sourceTree = "<group>"; };
		E8475B041A51AD4B8A8D1EED /* Pods-fdciExam-fdciExamUITests.release.xcconfig */ = {isa = PBXFileReference; includeInIndex = 1; lastKnownFileType = text.xcconfig; name = "Pods-fdciExam-fdciExamUITests.release.xcconfig"; path = "Target Support Files/Pods-fdciExam-fdciExamUITests/Pods-fdciExam-fdciExamUITests.release.xcconfig"; sourceTree = "<group>"; };
/* End PBXFileReference section */

/* Begin PBXFrameworksBuildPhase section */
		6FC896CA2A55571B00E0125B /* Frameworks */ = {
			isa = PBXFrameworksBuildPhase;
			buildActionMask = 2147483647;
			files = (
				5145C7045A1C60C6CD6E423A /* Pods_fdciExam.framework in Frameworks */,
			);
			runOnlyForDeploymentPostprocessing = 0;
		};
		6FC896E02A55571B00E0125B /* Frameworks */ = {
			isa = PBXFrameworksBuildPhase;
			buildActionMask = 2147483647;
			files = (
				BA26C3B2C580C9650BB7529D /* Pods_fdciExamTests.framework in Frameworks */,
			);
			runOnlyForDeploymentPostprocessing = 0;
		};
		6FC896EA2A55571B00E0125B /* Frameworks */ = {
			isa = PBXFrameworksBuildPhase;
			buildActionMask = 2147483647;
			files = (
				F2B4F8A5FE423FB72C2BC615 /* Pods_fdciExam_fdciExamUITests.framework in Frameworks */,
			);
			runOnlyForDeploymentPostprocessing = 0;
		};
/* End PBXFrameworksBuildPhase section */

/* Begin PBXGroup section */
		1F629490BCB3739341CA9E6F /* Frameworks */ = {
			isa = PBXGroup;
			children = (
				AA656F802AD618C209C8FDE1 /* Pods_fdciExam.framework */,
				8E0EA445647DA9C08F0ADDF2 /* Pods_fdciExam_fdciExamUITests.framework */,
				15F1AEF86791FD06C444B56F /* Pods_fdciExamTests.framework */,
			);
			name = Frameworks;
			sourceTree = "<group>";
		};
		1FFEBB911B531CCD91CF0057 /* Pods */ = {
			isa = PBXGroup;
			children = (
				AD7225E7ACA992CB93447D5B /* Pods-fdciExam.debug.xcconfig */,
				B107307B75A4E878AD72FD52 /* Pods-fdciExam.release.xcconfig */,
				D8D5B5E60FEFD25B3D6FB6AE /* Pods-fdciExam-fdciExamUITests.debug.xcconfig */,
				E8475B041A51AD4B8A8D1EED /* Pods-fdciExam-fdciExamUITests.release.xcconfig */,
				E4BD2FCA80F28379BC133F30 /* Pods-fdciExamTests.debug.xcconfig */,
				1995DF95AE044E6EFF550B59 /* Pods-fdciExamTests.release.xcconfig */,
			);
			path = Pods;
			sourceTree = "<group>";
		};
		6FC896C42A55571B00E0125B = {
			isa = PBXGroup;
			children = (
				6FC896CF2A55571B00E0125B /* fdciExam */,
				6FC896E62A55571B00E0125B /* fdciExamTests */,
				6FC896F02A55571B00E0125B /* fdciExamUITests */,
				6FC896CE2A55571B00E0125B /* Products */,
				1FFEBB911B531CCD91CF0057 /* Pods */,
				1F629490BCB3739341CA9E6F /* Frameworks */,
			);
			sourceTree = "<group>";
		};
		6FC896CE2A55571B00E0125B /* Products */ = {
			isa = PBXGroup;
			children = (
				6FC896CD2A55571B00E0125B /* fdciExam.app */,
				6FC896E32A55571B00E0125B /* fdciExamTests.xctest */,
				6FC896ED2A55571B00E0125B /* fdciExamUITests.xctest */,
			);
			name = Products;
			sourceTree = "<group>";
		};
		6FC896CF2A55571B00E0125B /* fdciExam */ = {
			isa = PBXGroup;
			children = (
				6FC896D02A55571B00E0125B /* AppDelegate.swift */,
				6FC896D22A55571B00E0125B /* SceneDelegate.swift */,
				6FC896D42A55571B00E0125B /* ViewController.swift */,
				6FC897002A55572A00E0125B /* Constant.swift */,
				6FC897022A55588D00E0125B /* RequestManager.swift */,
				6FC897042A555D9500E0125B /* Data.swift */,
				6FC896D62A55571B00E0125B /* Main.storyboard */,
				6FC896D92A55571B00E0125B /* Assets.xcassets */,
				6FC896DB2A55571B00E0125B /* LaunchScreen.storyboard */,
				6FC896DE2A55571B00E0125B /* Info.plist */,
			);
			path = fdciExam;
			sourceTree = "<group>";
		};
		6FC896E62A55571B00E0125B /* fdciExamTests */ = {
			isa = PBXGroup;
			children = (
				6FC896E72A55571B00E0125B /* fdciExamTests.swift */,
			);
			path = fdciExamTests;
			sourceTree = "<group>";
		};
		6FC896F02A55571B00E0125B /* fdciExamUITests */ = {
			isa = PBXGroup;
			children = (
				6FC896F12A55571B00E0125B /* fdciExamUITests.swift */,
				6FC896F32A55571B00E0125B /* fdciExamUITestsLaunchTests.swift */,
			);
			path = fdciExamUITests;
			sourceTree = "<group>";
		};
/* End PBXGroup section */

/* Begin PBXNativeTarget section */
		6FC896CC2A55571B00E0125B /* fdciExam */ = {
			isa = PBXNativeTarget;
			buildConfigurationList = 6FC896F72A55571B00E0125B /* Build configuration list for PBXNativeTarget "fdciExam" */;
			buildPhases = (
				72E7F17B98C57ABA9219EC06 /* [CP] Check Pods Manifest.lock */,
				6FC896C92A55571B00E0125B /* Sources */,
				6FC896CA2A55571B00E0125B /* Frameworks */,
				6FC896CB2A55571B00E0125B /* Resources */,
				264F122DC1782AA4A14C87A7 /* [CP] Embed Pods Frameworks */,
			);
			buildRules = (
			);
			dependencies = (
			);
			name = fdciExam;
			productName = fdciExam;
			productReference = 6FC896CD2A55571B00E0125B /* fdciExam.app */;
			productType = "com.apple.product-type.application";
		};
		6FC896E22A55571B00E0125B /* fdciExamTests */ = {
			isa = PBXNativeTarget;
			buildConfigurationList = 6FC896FA2A55571B00E0125B /* Build configuration list for PBXNativeTarget "fdciExamTests" */;
			buildPhases = (
				A8447ACBEAA067D62596DB28 /* [CP] Check Pods Manifest.lock */,
				6FC896DF2A55571B00E0125B /* Sources */,
				6FC896E02A55571B00E0125B /* Frameworks */,
				6FC896E12A55571B00E0125B /* Resources */,
			);
			buildRules = (
			);
			dependencies = (
				6FC896E52A55571B00E0125B /* PBXTargetDependency */,
			);
			name = fdciExamTests;
			productName = fdciExamTests;
			productReference = 6FC896E32A55571B00E0125B /* fdciExamTests.xctest */;
			productType = "com.apple.product-type.bundle.unit-test";
		};
		6FC896EC2A55571B00E0125B /* fdciExamUITests */ = {
			isa = PBXNativeTarget;
			buildConfigurationList = 6FC896FD2A55571B00E0125B /* Build configuration list for PBXNativeTarget "fdciExamUITests" */;
			buildPhases = (
				B2469B825787A945223DB28A /* [CP] Check Pods Manifest.lock */,
				6FC896E92A55571B00E0125B /* Sources */,
				6FC896EA2A55571B00E0125B /* Frameworks */,
				6FC896EB2A55571B00E0125B /* Resources */,
				07BE4E6EE2FC2E6C821CE222 /* [CP] Embed Pods Frameworks */,
			);
			buildRules = (
			);
			dependencies = (
				6FC896EF2A55571B00E0125B /* PBXTargetDependency */,
			);
			name = fdciExamUITests;
			productName = fdciExamUITests;
			productReference = 6FC896ED2A55571B00E0125B /* fdciExamUITests.xctest */;
			productType = "com.apple.product-type.bundle.ui-testing";
		};
/* End PBXNativeTarget section */

/* Begin PBXProject section */
		6FC896C52A55571B00E0125B /* Project object */ = {
			isa = PBXProject;
			attributes = {
				BuildIndependentTargetsInParallel = 1;
				LastSwiftUpdateCheck = 1430;
				LastUpgradeCheck = 1430;
				TargetAttributes = {
					6FC896CC2A55571B00E0125B = {
						CreatedOnToolsVersion = 14.3.1;
					};
					6FC896E22A55571B00E0125B = {
						CreatedOnToolsVersion = 14.3.1;
						TestTargetID = 6FC896CC2A55571B00E0125B;
					};
					6FC896EC2A55571B00E0125B = {
						CreatedOnToolsVersion = 14.3.1;
						TestTargetID = 6FC896CC2A55571B00E0125B;
					};
				};
			};
			buildConfigurationList = 6FC896C82A55571B00E0125B /* Build configuration list for PBXProject "fdciExam" */;
			compatibilityVersion = "Xcode 14.0";
			developmentRegion = en;
			hasScannedForEncodings = 0;
			knownRegions = (
				en,
				Base,
			);
			mainGroup = 6FC896C42A55571B00E0125B;
			productRefGroup = 6FC896CE2A55571B00E0125B /* Products */;
			projectDirPath = "";
			projectRoot = "";
			targets = (
				6FC896CC2A55571B00E0125B /* fdciExam */,
				6FC896E22A55571B00E0125B /* fdciExamTests */,
				6FC896EC2A55571B00E0125B /* fdciExamUITests */,
			);
		};
/* End PBXProject section */

/* Begin PBXResourcesBuildPhase section */
		6FC896CB2A55571B00E0125B /* Resources */ = {
			isa = PBXResourcesBuildPhase;
			buildActionMask = 2147483647;
			files = (
				6FC896DD2A55571B00E0125B /* LaunchScreen.storyboard in Resources */,
				6FC896DA2A55571B00E0125B /* Assets.xcassets in Resources */,
				6FC896D82A55571B00E0125B /* Main.storyboard in Resources */,
			);
			runOnlyForDeploymentPostprocessing = 0;
		};
		6FC896E12A55571B00E0125B /* Resources */ = {
			isa = PBXResourcesBuildPhase;
			buildActionMask = 2147483647;
			files = (
			);
			runOnlyForDeploymentPostprocessing = 0;
		};
		6FC896EB2A55571B00E0125B /* Resources */ = {
			isa = PBXResourcesBuildPhase;
			buildActionMask = 2147483647;
			files = (
			);
			runOnlyForDeploymentPostprocessing = 0;
		};
/* End PBXResourcesBuildPhase section */

/* Begin PBXShellScriptBuildPhase section */
		07BE4E6EE2FC2E6C821CE222 /* [CP] Embed Pods Frameworks */ = {
			isa = PBXShellScriptBuildPhase;
			buildActionMask = 2147483647;
			files = (
			);
			inputFileListPaths = (
				"${PODS_ROOT}/Target Support Files/Pods-fdciExam-fdciExamUITests/Pods-fdciExam-fdciExamUITests-frameworks-${CONFIGURATION}-input-files.xcfilelist",
			);
			name = "[CP] Embed Pods Frameworks";
			outputFileListPaths = (
				"${PODS_ROOT}/Target Support Files/Pods-fdciExam-fdciExamUITests/Pods-fdciExam-fdciExamUITests-frameworks-${CONFIGURATION}-output-files.xcfilelist",
			);
			runOnlyForDeploymentPostprocessing = 0;
			shellPath = /bin/sh;
			shellScript = "\"${PODS_ROOT}/Target Support Files/Pods-fdciExam-fdciExamUITests/Pods-fdciExam-fdciExamUITests-frameworks.sh\"\n";
			showEnvVarsInLog = 0;
		};
		264F122DC1782AA4A14C87A7 /* [CP] Embed Pods Frameworks */ = {
			isa = PBXShellScriptBuildPhase;
			buildActionMask = 2147483647;
			files = (
			);
			inputFileListPaths = (
				"${PODS_ROOT}/Target Support Files/Pods-fdciExam/Pods-fdciExam-frameworks-${CONFIGURATION}-input-files.xcfilelist",
			);
			name = "[CP] Embed Pods Frameworks";
			outputFileListPaths = (
				"${PODS_ROOT}/Target Support Files/Pods-fdciExam/Pods-fdciExam-frameworks-${CONFIGURATION}-output-files.xcfilelist",
			);
			runOnlyForDeploymentPostprocessing = 0;
			shellPath = /bin/sh;
			shellScript = "\"${PODS_ROOT}/Target Support Files/Pods-fdciExam/Pods-fdciExam-frameworks.sh\"\n";
			showEnvVarsInLog = 0;
		};
		72E7F17B98C57ABA9219EC06 /* [CP] Check Pods Manifest.lock */ = {
			isa = PBXShellScriptBuildPhase;
			buildActionMask = 2147483647;
			files = (
			);
			inputFileListPaths = (
			);
			inputPaths = (
				"${PODS_PODFILE_DIR_PATH}/Podfile.lock",
				"${PODS_ROOT}/Manifest.lock",
			);
			name = "[CP] Check Pods Manifest.lock";
			outputFileListPaths = (
			);
			outputPaths = (
				"$(DERIVED_FILE_DIR)/Pods-fdciExam-checkManifestLockResult.txt",
			);
			runOnlyForDeploymentPostprocessing = 0;
			shellPath = /bin/sh;
			shellScript = "diff \"${PODS_PODFILE_DIR_PATH}/Podfile.lock\" \"${PODS_ROOT}/Manifest.lock\" > /dev/null\nif [ $? != 0 ] ; then\n    # print error to STDERR\n    echo \"error: The sandbox is not in sync with the Podfile.lock. Run 'pod install' or update your CocoaPods installation.\" >&2\n    exit 1\nfi\n# This output is used by Xcode 'outputs' to avoid re-running this script phase.\necho \"SUCCESS\" > \"${SCRIPT_OUTPUT_FILE_0}\"\n";
			showEnvVarsInLog = 0;
		};
		A8447ACBEAA067D62596DB28 /* [CP] Check Pods Manifest.lock */ = {
			isa = PBXShellScriptBuildPhase;
			buildActionMask = 2147483647;
			files = (
			);
			inputFileListPaths = (
			);
			inputPaths = (
				"${PODS_PODFILE_DIR_PATH}/Podfile.lock",
				"${PODS_ROOT}/Manifest.lock",
			);
			name = "[CP] Check Pods Manifest.lock";
			outputFileListPaths = (
			);
			outputPaths = (
				"$(DERIVED_FILE_DIR)/Pods-fdciExamTests-checkManifestLockResult.txt",
			);
			runOnlyForDeploymentPostprocessing = 0;
			shellPath = /bin/sh;
			shellScript = "diff \"${PODS_PODFILE_DIR_PATH}/Podfile.lock\" \"${PODS_ROOT}/Manifest.lock\" > /dev/null\nif [ $? != 0 ] ; then\n    # print error to STDERR\n    echo \"error: The sandbox is not in sync with the Podfile.lock. Run 'pod install' or update your CocoaPods installation.\" >&2\n    exit 1\nfi\n# This output is used by Xcode 'outputs' to avoid re-running this script phase.\necho \"SUCCESS\" > \"${SCRIPT_OUTPUT_FILE_0}\"\n";
			showEnvVarsInLog = 0;
		};
		B2469B825787A945223DB28A /* [CP] Check Pods Manifest.lock */ = {
			isa = PBXShellScriptBuildPhase;
			buildActionMask = 2147483647;
			files = (
			);
			inputFileListPaths = (
			);
			inputPaths = (
				"${PODS_PODFILE_DIR_PATH}/Podfile.lock",
				"${PODS_ROOT}/Manifest.lock",
			);
			name = "[CP] Check Pods Manifest.lock";
			outputFileListPaths = (
			);
			outputPaths = (
				"$(DERIVED_FILE_DIR)/Pods-fdciExam-fdciExamUITests-checkManifestLockResult.txt",
			);
			runOnlyForDeploymentPostprocessing = 0;
			shellPath = /bin/sh;
			shellScript = "diff \"${PODS_PODFILE_DIR_PATH}/Podfile.lock\" \"${PODS_ROOT}/Manifest.lock\" > /dev/null\nif [ $? != 0 ] ; then\n    # print error to STDERR\n    echo \"error: The sandbox is not in sync with the Podfile.lock. Run 'pod install' or update your CocoaPods installation.\" >&2\n    exit 1\nfi\n# This output is used by Xcode 'outputs' to avoid re-running this script phase.\necho \"SUCCESS\" > \"${SCRIPT_OUTPUT_FILE_0}\"\n";
			showEnvVarsInLog = 0;
		};
/* End PBXShellScriptBuildPhase section */

/* Begin PBXSourcesBuildPhase section */
		6FC896C92A55571B00E0125B /* Sources */ = {
			isa = PBXSourcesBuildPhase;
			buildActionMask = 2147483647;
			files = (
				6FC897032A55588D00E0125B /* RequestManager.swift in Sources */,
				6FC897052A555D9500E0125B /* Data.swift in Sources */,
				6FC896D52A55571B00E0125B /* ViewController.swift in Sources */,
				6FC896D12A55571B00E0125B /* AppDelegate.swift in Sources */,
				6FC896D32A55571B00E0125B /* SceneDelegate.swift in Sources */,
				6FC897012A55572A00E0125B /* Constant.swift in Sources */,
			);
			runOnlyForDeploymentPostprocessing = 0;
		};
		6FC896DF2A55571B00E0125B /* Sources */ = {
			isa = PBXSourcesBuildPhase;
			buildActionMask = 2147483647;
			files = (
				6FC896E82A55571B00E0125B /* fdciExamTests.swift in Sources */,
			);
			runOnlyForDeploymentPostprocessing = 0;
		};
		6FC896E92A55571B00E0125B /* Sources */ = {
			isa = PBXSourcesBuildPhase;
			buildActionMask = 2147483647;
			files = (
				6FC896F42A55571B00E0125B /* fdciExamUITestsLaunchTests.swift in Sources */,
				6FC896F22A55571B00E0125B /* fdciExamUITests.swift in Sources */,
			);
			runOnlyForDeploymentPostprocessing = 0;
		};
/* End PBXSourcesBuildPhase section */

/* Begin PBXTargetDependency section */
		6FC896E52A55571B00E0125B /* PBXTargetDependency */ = {
			isa = PBXTargetDependency;
			target = 6FC896CC2A55571B00E0125B /* fdciExam */;
			targetProxy = 6FC896E42A55571B00E0125B /* PBXContainerItemProxy */;
		};
		6FC896EF2A55571B00E0125B /* PBXTargetDependency */ = {
			isa = PBXTargetDependency;
			target = 6FC896CC2A55571B00E0125B /* fdciExam */;
			targetProxy = 6FC896EE2A55571B00E0125B /* PBXContainerItemProxy */;
		};
/* End PBXTargetDependency section */

/* Begin PBXVariantGroup section */
		6FC896D62A55571B00E0125B /* Main.storyboard */ = {
			isa = PBXVariantGroup;
			children = (
				6FC896D72A55571B00E0125B /* Base */,
			);
			name = Main.storyboard;
			sourceTree = "<group>";
		};
		6FC896DB2A55571B00E0125B /* LaunchScreen.storyboard */ = {
			isa = PBXVariantGroup;
			children = (
				6FC896DC2A55571B00E0125B /* Base */,
			);
			name = LaunchScreen.storyboard;
			sourceTree = "<group>";
		};
/* End PBXVariantGroup section */

/* Begin XCBuildConfiguration section */
		6FC896F52A55571B00E0125B /* Debug */ = {
			isa = XCBuildConfiguration;
			buildSettings = {
				ALWAYS_SEARCH_USER_PATHS = NO;
				CLANG_ANALYZER_NONNULL = YES;
				CLANG_ANALYZER_NUMBER_OBJECT_CONVERSION = YES_AGGRESSIVE;
				CLANG_CXX_LANGUAGE_STANDARD = "gnu++20";
				CLANG_ENABLE_MODULES = YES;
				CLANG_ENABLE_OBJC_ARC = YES;
				CLANG_ENABLE_OBJC_WEAK = YES;
				CLANG_WARN_BLOCK_CAPTURE_AUTORELEASING = YES;
				CLANG_WARN_BOOL_CONVERSION = YES;
				CLANG_WARN_COMMA = YES;
				CLANG_WARN_CONSTANT_CONVERSION = YES;
				CLANG_WARN_DEPRECATED_OBJC_IMPLEMENTATIONS = YES;
				CLANG_WARN_DIRECT_OBJC_ISA_USAGE = YES_ERROR;
				CLANG_WARN_DOCUMENTATION_COMMENTS = YES;
				CLANG_WARN_EMPTY_BODY = YES;
				CLANG_WARN_ENUM_CONVERSION = YES;
				CLANG_WARN_INFINITE_RECURSION = YES;
				CLANG_WARN_INT_CONVERSION = YES;
				CLANG_WARN_NON_LITERAL_NULL_CONVERSION = YES;
				CLANG_WARN_OBJC_IMPLICIT_RETAIN_SELF = YES;
				CLANG_WARN_OBJC_LITERAL_CONVERSION = YES;
				CLANG_WARN_OBJC_ROOT_CLASS = YES_ERROR;
				CLANG_WARN_QUOTED_INCLUDE_IN_FRAMEWORK_HEADER = YES;
				CLANG_WARN_RANGE_LOOP_ANALYSIS = YES;
				CLANG_WARN_STRICT_PROTOTYPES = YES;
				CLANG_WARN_SUSPICIOUS_MOVE = YES;
				CLANG_WARN_UNGUARDED_AVAILABILITY = YES_AGGRESSIVE;
				CLANG_WARN_UNREACHABLE_CODE = YES;
				CLANG_WARN__DUPLICATE_METHOD_MATCH = YES;
				COPY_PHASE_STRIP = NO;
				DEBUG_INFORMATION_FORMAT = dwarf;
				ENABLE_STRICT_OBJC_MSGSEND = YES;
				ENABLE_TESTABILITY = YES;
				GCC_C_LANGUAGE_STANDARD = gnu11;
				GCC_DYNAMIC_NO_PIC = NO;
				GCC_NO_COMMON_BLOCKS = YES;
				GCC_OPTIMIZATION_LEVEL = 0;
				GCC_PREPROCESSOR_DEFINITIONS = (
					"DEBUG=1",
					"$(inherited)",
				);
				GCC_WARN_64_TO_32_BIT_CONVERSION = YES;
				GCC_WARN_ABOUT_RETURN_TYPE = YES_ERROR;
				GCC_WARN_UNDECLARED_SELECTOR = YES;
				GCC_WARN_UNINITIALIZED_AUTOS = YES_AGGRESSIVE;
				GCC_WARN_UNUSED_FUNCTION = YES;
				GCC_WARN_UNUSED_VARIABLE = YES;
				IPHONEOS_DEPLOYMENT_TARGET = 16.4;
				MTL_ENABLE_DEBUG_INFO = INCLUDE_SOURCE;
				MTL_FAST_MATH = YES;
				ONLY_ACTIVE_ARCH = YES;
				SDKROOT = iphoneos;
				SWIFT_ACTIVE_COMPILATION_CONDITIONS = DEBUG;
				SWIFT_OPTIMIZATION_LEVEL = "-Onone";
			};
			name = Debug;
		};
		6FC896F62A55571B00E0125B /* Release */ = {
			isa = XCBuildConfiguration;
			buildSettings = {
				ALWAYS_SEARCH_USER_PATHS = NO;
				CLANG_ANALYZER_NONNULL = YES;
				CLANG_ANALYZER_NUMBER_OBJECT_CONVERSION = YES_AGGRESSIVE;
				CLANG_CXX_LANGUAGE_STANDARD = "gnu++20";
				CLANG_ENABLE_MODULES = YES;
				CLANG_ENABLE_OBJC_ARC = YES;
				CLANG_ENABLE_OBJC_WEAK = YES;
				CLANG_WARN_BLOCK_CAPTURE_AUTORELEASING = YES;
				CLANG_WARN_BOOL_CONVERSION = YES;
				CLANG_WARN_COMMA = YES;
				CLANG_WARN_CONSTANT_CONVERSION = YES;
				CLANG_WARN_DEPRECATED_OBJC_IMPLEMENTATIONS = YES;
				CLANG_WARN_DIRECT_OBJC_ISA_USAGE = YES_ERROR;
				CLANG_WARN_DOCUMENTATION_COMMENTS = YES;
				CLANG_WARN_EMPTY_BODY = YES;
				CLANG_WARN_ENUM_CONVERSION = YES;
				CLANG_WARN_INFINITE_RECURSION = YES;
				CLANG_WARN_INT_CONVERSION = YES;
				CLANG_WARN_NON_LITERAL_NULL_CONVERSION = YES;
				CLANG_WARN_OBJC_IMPLICIT_RETAIN_SELF = YES;
				CLANG_WARN_OBJC_LITERAL_CONVERSION = YES;
				CLANG_WARN_OBJC_ROOT_CLASS = YES_ERROR;
				CLANG_WARN_QUOTED_INCLUDE_IN_FRAMEWORK_HEADER = YES;
				CLANG_WARN_RANGE_LOOP_ANALYSIS = YES;
				CLANG_WARN_STRICT_PROTOTYPES = YES;
				CLANG_WARN_SUSPICIOUS_MOVE = YES;
				CLANG_WARN_UNGUARDED_AVAILABILITY = YES_AGGRESSIVE;
				CLANG_WARN_UNREACHABLE_CODE = YES;
				CLANG_WARN__DUPLICATE_METHOD_MATCH = YES;
				COPY_PHASE_STRIP = NO;
				DEBUG_INFORMATION_FORMAT = "dwarf-with-dsym";
				ENABLE_NS_ASSERTIONS = NO;
				ENABLE_STRICT_OBJC_MSGSEND = YES;
				GCC_C_LANGUAGE_STANDARD = gnu11;
				GCC_NO_COMMON_BLOCKS = YES;
				GCC_WARN_64_TO_32_BIT_CONVERSION = YES;
				GCC_WARN_ABOUT_RETURN_TYPE = YES_ERROR;
				GCC_WARN_UNDECLARED_SELECTOR = YES;
				GCC_WARN_UNINITIALIZED_AUTOS = YES_AGGRESSIVE;
				GCC_WARN_UNUSED_FUNCTION = YES;
				GCC_WARN_UNUSED_VARIABLE = YES;
				IPHONEOS_DEPLOYMENT_TARGET = 16.4;
				MTL_ENABLE_DEBUG_INFO = NO;
				MTL_FAST_MATH = YES;
				SDKROOT = iphoneos;
				SWIFT_COMPILATION_MODE = wholemodule;
				SWIFT_OPTIMIZATION_LEVEL = "-O";
				VALIDATE_PRODUCT = YES;
			};
			name = Release;
		};
		6FC896F82A55571B00E0125B /* Debug */ = {
			isa = XCBuildConfiguration;
			baseConfigurationReference = AD7225E7ACA992CB93447D5B /* Pods-fdciExam.debug.xcconfig */;
			buildSettings = {
				ASSETCATALOG_COMPILER_APPICON_NAME = AppIcon;
				ASSETCATALOG_COMPILER_GLOBAL_ACCENT_COLOR_NAME = AccentColor;
				CODE_SIGN_STYLE = Automatic;
				CURRENT_PROJECT_VERSION = 1;
				DEVELOPMENT_TEAM = H9B2BL9T5W;
				GENERATE_INFOPLIST_FILE = YES;
				INFOPLIST_FILE = fdciExam/Info.plist;
				INFOPLIST_KEY_UIApplicationSupportsIndirectInputEvents = YES;
				INFOPLIST_KEY_UILaunchStoryboardName = LaunchScreen;
				INFOPLIST_KEY_UIMainStoryboardFile = Main;
				INFOPLIST_KEY_UISupportedInterfaceOrientations_iPad = "UIInterfaceOrientationPortrait UIInterfaceOrientationPortraitUpsideDown UIInterfaceOrientationLandscapeLeft UIInterfaceOrientationLandscapeRight";
				INFOPLIST_KEY_UISupportedInterfaceOrientations_iPhone = "UIInterfaceOrientationPortrait UIInterfaceOrientationLandscapeLeft UIInterfaceOrientationLandscapeRight";
				LD_RUNPATH_SEARCH_PATHS = (
					"$(inherited)",
					"@executable_path/Frameworks",
				);
				MARKETING_VERSION = 1.0;
				PRODUCT_BUNDLE_IDENTIFIER = itti.fdciExam;
				PRODUCT_NAME = "$(TARGET_NAME)";
				SWIFT_EMIT_LOC_STRINGS = YES;
				SWIFT_VERSION = 5.0;
				TARGETED_DEVICE_FAMILY = "1,2";
			};
			name = Debug;
		};
		6FC896F92A55571B00E0125B /* Release */ = {
			isa = XCBuildConfiguration;
			baseConfigurationReference = B107307B75A4E878AD72FD52 /* Pods-fdciExam.release.xcconfig */;
			buildSettings = {
				ASSETCATALOG_COMPILER_APPICON_NAME = AppIcon;
				ASSETCATALOG_COMPILER_GLOBAL_ACCENT_COLOR_NAME = AccentColor;
				CODE_SIGN_STYLE = Automatic;
				CURRENT_PROJECT_VERSION = 1;
				DEVELOPMENT_TEAM = H9B2BL9T5W;
				GENERATE_INFOPLIST_FILE = YES;
				INFOPLIST_FILE = fdciExam/Info.plist;
				INFOPLIST_KEY_UIApplicationSupportsIndirectInputEvents = YES;
				INFOPLIST_KEY_UILaunchStoryboardName = LaunchScreen;
				INFOPLIST_KEY_UIMainStoryboardFile = Main;
				INFOPLIST_KEY_UISupportedInterfaceOrientations_iPad = "UIInterfaceOrientationPortrait UIInterfaceOrientationPortraitUpsideDown UIInterfaceOrientationLandscapeLeft UIInterfaceOrientationLandscapeRight";
				INFOPLIST_KEY_UISupportedInterfaceOrientations_iPhone = "UIInterfaceOrientationPortrait UIInterfaceOrientationLandscapeLeft UIInterfaceOrientationLandscapeRight";
				LD_RUNPATH_SEARCH_PATHS = (
					"$(inherited)",
					"@executable_path/Frameworks",
				);
				MARKETING_VERSION = 1.0;
				PRODUCT_BUNDLE_IDENTIFIER = itti.fdciExam;
				PRODUCT_NAME = "$(TARGET_NAME)";
				SWIFT_EMIT_LOC_STRINGS = YES;
				SWIFT_VERSION = 5.0;
				TARGETED_DEVICE_FAMILY = "1,2";
			};
			name = Release;
		};
		6FC896FB2A55571B00E0125B /* Debug */ = {
			isa = XCBuildConfiguration;
			baseConfigurationReference = E4BD2FCA80F28379BC133F30 /* Pods-fdciExamTests.debug.xcconfig */;
			buildSettings = {
				ALWAYS_EMBED_SWIFT_STANDARD_LIBRARIES = YES;
				BUNDLE_LOADER = "$(TEST_HOST)";
				CODE_SIGN_STYLE = Automatic;
				CURRENT_PROJECT_VERSION = 1;
				DEVELOPMENT_TEAM = H9B2BL9T5W;
				GENERATE_INFOPLIST_FILE = YES;
				IPHONEOS_DEPLOYMENT_TARGET = 16.4;
				MARKETING_VERSION = 1.0;
				PRODUCT_BUNDLE_IDENTIFIER = itti.fdciExamTests;
				PRODUCT_NAME = "$(TARGET_NAME)";
				SWIFT_EMIT_LOC_STRINGS = NO;
				SWIFT_VERSION = 5.0;
				TARGETED_DEVICE_FAMILY = "1,2";
				TEST_HOST = "$(BUILT_PRODUCTS_DIR)/fdciExam.app/$(BUNDLE_EXECUTABLE_FOLDER_PATH)/fdciExam";
			};
			name = Debug;
		};
		6FC896FC2A55571B00E0125B /* Release */ = {
			isa = XCBuildConfiguration;
			baseConfigurationReference = 1995DF95AE044E6EFF550B59 /* Pods-fdciExamTests.release.xcconfig */;
			buildSettings = {
				ALWAYS_EMBED_SWIFT_STANDARD_LIBRARIES = YES;
				BUNDLE_LOADER = "$(TEST_HOST)";
				CODE_SIGN_STYLE = Automatic;
				CURRENT_PROJECT_VERSION = 1;
				DEVELOPMENT_TEAM = H9B2BL9T5W;
				GENERATE_INFOPLIST_FILE = YES;
				IPHONEOS_DEPLOYMENT_TARGET = 16.4;
				MARKETING_VERSION = 1.0;
				PRODUCT_BUNDLE_IDENTIFIER = itti.fdciExamTests;
				PRODUCT_NAME = "$(TARGET_NAME)";
				SWIFT_EMIT_LOC_STRINGS = NO;
				SWIFT_VERSION = 5.0;
				TARGETED_DEVICE_FAMILY = "1,2";
				TEST_HOST = "$(BUILT_PRODUCTS_DIR)/fdciExam.app/$(BUNDLE_EXECUTABLE_FOLDER_PATH)/fdciExam";
			};
			name = Release;
		};
		6FC896FE2A55571B00E0125B /* Debug */ = {
			isa = XCBuildConfiguration;
			baseConfigurationReference = D8D5B5E60FEFD25B3D6FB6AE /* Pods-fdciExam-fdciExamUITests.debug.xcconfig */;
			buildSettings = {
				ALWAYS_EMBED_SWIFT_STANDARD_LIBRARIES = YES;
				CODE_SIGN_STYLE = Automatic;
				CURRENT_PROJECT_VERSION = 1;
				DEVELOPMENT_TEAM = H9B2BL9T5W;
				GENERATE_INFOPLIST_FILE = YES;
				MARKETING_VERSION = 1.0;
				PRODUCT_BUNDLE_IDENTIFIER = itti.fdciExamUITests;
				PRODUCT_NAME = "$(TARGET_NAME)";
				SWIFT_EMIT_LOC_STRINGS = NO;
				SWIFT_VERSION = 5.0;
				TARGETED_DEVICE_FAMILY = "1,2";
				TEST_TARGET_NAME = fdciExam;
			};
			name = Debug;
		};
		6FC896FF2A55571B00E0125B /* Release */ = {
			isa = XCBuildConfiguration;
			baseConfigurationReference = E8475B041A51AD4B8A8D1EED /* Pods-fdciExam-fdciExamUITests.release.xcconfig */;
			buildSettings = {
				ALWAYS_EMBED_SWIFT_STANDARD_LIBRARIES = YES;
				CODE_SIGN_STYLE = Automatic;
				CURRENT_PROJECT_VERSION = 1;
				DEVELOPMENT_TEAM = H9B2BL9T5W;
				GENERATE_INFOPLIST_FILE = YES;
				MARKETING_VERSION = 1.0;
				PRODUCT_BUNDLE_IDENTIFIER = itti.fdciExamUITests;
				PRODUCT_NAME = "$(TARGET_NAME)";
				SWIFT_EMIT_LOC_STRINGS = NO;
				SWIFT_VERSION = 5.0;
				TARGETED_DEVICE_FAMILY = "1,2";
				TEST_TARGET_NAME = fdciExam;
			};
			name = Release;
		};
/* End XCBuildConfiguration section */

/* Begin XCConfigurationList section */
		6FC896C82A55571B00E0125B /* Build configuration list for PBXProject "fdciExam" */ = {
			isa = XCConfigurationList;
			buildConfigurations = (
				6FC896F52A55571B00E0125B /* Debug */,
				6FC896F62A55571B00E0125B /* Release */,
			);
			defaultConfigurationIsVisible = 0;
			defaultConfigurationName = Release;
		};
		6FC896F72A55571B00E0125B /* Build configuration list for PBXNativeTarget "fdciExam" */ = {
			isa = XCConfigurationList;
			buildConfigurations = (
				6FC896F82A55571B00E0125B /* Debug */,
				6FC896F92A55571B00E0125B /* Release */,
			);
			defaultConfigurationIsVisible = 0;
			defaultConfigurationName = Release;
		};
		6FC896FA2A55571B00E0125B /* Build configuration list for PBXNativeTarget "fdciExamTests" */ = {
			isa = XCConfigurationList;
			buildConfigurations = (
				6FC896FB2A55571B00E0125B /* Debug */,
				6FC896FC2A55571B00E0125B /* Release */,
			);
			defaultConfigurationIsVisible = 0;
			defaultConfigurationName = Release;
		};
		6FC896FD2A55571B00E0125B /* Build configuration list for PBXNativeTarget "fdciExamUITests" */ = {
			isa = XCConfigurationList;
			buildConfigurations = (
				6FC896FE2A55571B00E0125B /* Debug */,
				6FC896FF2A55571B00E0125B /* Release */,
			);
			defaultConfigurationIsVisible = 0;
			defaultConfigurationName = Release;
		};
/* End XCConfigurationList section */
	};
	rootObject = 6FC896C52A55571B00E0125B /* Project object */;
}
